// !$*UTF8*$!
{
	archiveVersion = 1;
	classes = {
	};
	objectVersion = 56;
	objects = {

/* Begin PBXBuildFile section */
		EF13B1912BB9548600D4A961 /* Inceptionv3.mlmodel in Sources */ = {isa = PBXBuildFile; fileRef = EF13B1902BB9548600D4A961 /* Inceptionv3.mlmodel */; };
		EF76D10F2BB7BCC10075EB91 /* AppDelegate.swift in Sources */ = {isa = PBXBuildFile; fileRef = EF76D10E2BB7BCC10075EB91 /* AppDelegate.swift */; };
		EF76D1112BB7BCC10075EB91 /* SceneDelegate.swift in Sources */ = {isa = PBXBuildFile; fileRef = EF76D1102BB7BCC10075EB91 /* SceneDelegate.swift */; };
		EF76D1162BB7BCC10075EB91 /* Main.storyboard in Resources */ = {isa = PBXBuildFile; fileRef = EF76D1142BB7BCC10075EB91 /* Main.storyboard */; };
		EF76D1182BB7BCC20075EB91 /* Assets.xcassets in Resources */ = {isa = PBXBuildFile; fileRef = EF76D1172BB7BCC20075EB91 /* Assets.xcassets */; };
		EF76D11B2BB7BCC20075EB91 /* LaunchScreen.storyboard in Resources */ = {isa = PBXBuildFile; fileRef = EF76D1192BB7BCC20075EB91 /* LaunchScreen.storyboard */; };
		EF76D1292BB8F34D0075EB91 /* MainViewController.swift in Sources */ = {isa = PBXBuildFile; fileRef = EF76D1282BB8F34D0075EB91 /* MainViewController.swift */; };
		EF76D12B2BB8FCDD0075EB91 /* MainFeatureCell.swift in Sources */ = {isa = PBXBuildFile; fileRef = EF76D12A2BB8FCDD0075EB91 /* MainFeatureCell.swift */; };
		EF76D12D2BB8FF430075EB91 /* SampleData.swift in Sources */ = {isa = PBXBuildFile; fileRef = EF76D12C2BB8FF430075EB91 /* SampleData.swift */; };
		EF76D12F2BB906470075EB91 /* ObjectDetectionViewController.swift in Sources */ = {isa = PBXBuildFile; fileRef = EF76D12E2BB906470075EB91 /* ObjectDetectionViewController.swift */; };
/* End PBXBuildFile section */

/* Begin PBXFileReference section */
		EF13B1902BB9548600D4A961 /* Inceptionv3.mlmodel */ = {isa = PBXFileReference; lastKnownFileType = file.mlmodel; path = Inceptionv3.mlmodel; sourceTree = "<group>"; };
		EF76D10B2BB7BCC10075EB91 /* ai 11.app */ = {isa = PBXFileReference; explicitFileType = wrapper.application; includeInIndex = 0; path = "ai 11.app"; sourceTree = BUILT_PRODUCTS_DIR; };
		EF76D10E2BB7BCC10075EB91 /* AppDelegate.swift */ = {isa = PBXFileReference; lastKnownFileType = sourcecode.swift; path = AppDelegate.swift; sourceTree = "<group>"; };
		EF76D1102BB7BCC10075EB91 /* SceneDelegate.swift */ = {isa = PBXFileReference; lastKnownFileType = sourcecode.swift; path = SceneDelegate.swift; sourceTree = "<group>"; };
		EF76D1152BB7BCC10075EB91 /* Base */ = {isa = PBXFileReference; lastKnownFileType = file.storyboard; name = Base; path = Base.lproj/Main.storyboard; sourceTree = "<group>"; };
		EF76D1172BB7BCC20075EB91 /* Assets.xcassets */ = {isa = PBXFileReference; lastKnownFileType = folder.assetcatalog; path = Assets.xcassets; sourceTree = "<group>"; };
		EF76D11A2BB7BCC20075EB91 /* Base */ = {isa = PBXFileReference; lastKnownFileType = file.storyboard; name = Base; path = Base.lproj/LaunchScreen.storyboard; sourceTree = "<group>"; };
		EF76D11C2BB7BCC20075EB91 /* Info.plist */ = {isa = PBXFileReference; lastKnownFileType = text.plist.xml; path = Info.plist; sourceTree = "<group>"; };
		EF76D1282BB8F34D0075EB91 /* MainViewController.swift */ = {isa = PBXFileReference; lastKnownFileType = sourcecode.swift; path = MainViewController.swift; sourceTree = "<group>"; };
		EF76D12A2BB8FCDD0075EB91 /* MainFeatureCell.swift */ = {isa = PBXFileReference; lastKnownFileType = sourcecode.swift; path = MainFeatureCell.swift; sourceTree = "<group>"; };
		EF76D12C2BB8FF430075EB91 /* SampleData.swift */ = {isa = PBXFileReference; lastKnownFileType = sourcecode.swift; path = SampleData.swift; sourceTree = "<group>"; };
		EF76D12E2BB906470075EB91 /* ObjectDetectionViewController.swift */ = {isa = PBXFileReference; lastKnownFileType = sourcecode.swift; path = ObjectDetectionViewController.swift; sourceTree = "<group>"; };
/* End PBXFileReference section */

/* Begin PBXFrameworksBuildPhase section */
		EF76D1082BB7BCC10075EB91 /* Frameworks */ = {
			isa = PBXFrameworksBuildPhase;
			buildActionMask = 2147483647;
			files = (
			);
			runOnlyForDeploymentPostprocessing = 0;
		};
/* End PBXFrameworksBuildPhase section */

/* Begin PBXGroup section */
		EF13B1922BB9549C00D4A961 /* ML Model */ = {
			isa = PBXGroup;
			children = (
				EF13B1902BB9548600D4A961 /* Inceptionv3.mlmodel */,
			);
			path = "ML Model";
			sourceTree = "<group>";
		};
		EF76D1022BB7BCC00075EB91 = {
			isa = PBXGroup;
			children = (
				EF76D10D2BB7BCC10075EB91 /* ai 11 */,
				EF76D10C2BB7BCC10075EB91 /* Products */,
			);
			sourceTree = "<group>";
		};
		EF76D10C2BB7BCC10075EB91 /* Products */ = {
			isa = PBXGroup;
			children = (
				EF76D10B2BB7BCC10075EB91 /* ai 11.app */,
			);
			name = Products;
			sourceTree = "<group>";
		};
		EF76D10D2BB7BCC10075EB91 /* ai 11 */ = {
			isa = PBXGroup;
			children = (
				EF13B1922BB9549C00D4A961 /* ML Model */,
				EF76D1322BB906900075EB91 /* Model */,
				EF76D1312BB906840075EB91 /* Custom Views */,
				EF76D1302BB906560075EB91 /* View Controller */,
				EF76D10E2BB7BCC10075EB91 /* AppDelegate.swift */,
				EF76D1102BB7BCC10075EB91 /* SceneDelegate.swift */,
				EF76D1142BB7BCC10075EB91 /* Main.storyboard */,
				EF76D1172BB7BCC20075EB91 /* Assets.xcassets */,
				EF76D1192BB7BCC20075EB91 /* LaunchScreen.storyboard */,
				EF76D11C2BB7BCC20075EB91 /* Info.plist */,
			);
			path = "ai 11";
			sourceTree = "<group>";
		};
		EF76D1302BB906560075EB91 /* View Controller */ = {
			isa = PBXGroup;
			children = (
				EF76D1282BB8F34D0075EB91 /* MainViewController.swift */,
				EF76D12E2BB906470075EB91 /* ObjectDetectionViewController.swift */,
			);
			path = "View Controller";
			sourceTree = "<group>";
		};
		EF76D1312BB906840075EB91 /* Custom Views */ = {
			isa = PBXGroup;
			children = (
				EF76D12A2BB8FCDD0075EB91 /* MainFeatureCell.swift */,
			);
			path = "Custom Views";
			sourceTree = "<group>";
		};
		EF76D1322BB906900075EB91 /* Model */ = {
			isa = PBXGroup;
			children = (
				EF76D12C2BB8FF430075EB91 /* SampleData.swift */,
			);
			path = Model;
			sourceTree = "<group>";
		};
/* End PBXGroup section */

/* Begin PBXNativeTarget section */
		EF76D10A2BB7BCC10075EB91 /* ai 11 */ = {
			isa = PBXNativeTarget;
			buildConfigurationList = EF76D11F2BB7BCC20075EB91 /* Build configuration list for PBXNativeTarget "ai 11" */;
			buildPhases = (
				EF76D1072BB7BCC10075EB91 /* Sources */,
				EF76D1082BB7BCC10075EB91 /* Frameworks */,
				EF76D1092BB7BCC10075EB91 /* Resources */,
			);
			buildRules = (
			);
			dependencies = (
			);
			name = "ai 11";
			productName = "ai 11";
			productReference = EF76D10B2BB7BCC10075EB91 /* ai 11.app */;
			productType = "com.apple.product-type.application";
		};
/* End PBXNativeTarget section */

/* Begin PBXProject section */
		EF76D1032BB7BCC00075EB91 /* Project object */ = {
			isa = PBXProject;
			attributes = {
				BuildIndependentTargetsInParallel = 1;
				LastSwiftUpdateCheck = 1520;
				LastUpgradeCheck = 1520;
				TargetAttributes = {
					EF76D10A2BB7BCC10075EB91 = {
						CreatedOnToolsVersion = 15.2;
						LastSwiftMigration = 1520;
					};
				};
			};
			buildConfigurationList = EF76D1062BB7BCC00075EB91 /* Build configuration list for PBXProject "ai 11" */;
			compatibilityVersion = "Xcode 14.0";
			developmentRegion = en;
			hasScannedForEncodings = 0;
			knownRegions = (
				en,
				Base,
			);
			mainGroup = EF76D1022BB7BCC00075EB91;
			productRefGroup = EF76D10C2BB7BCC10075EB91 /* Products */;
			projectDirPath = "";
			projectRoot = "";
			targets = (
				EF76D10A2BB7BCC10075EB91 /* ai 11 */,
			);
		};
/* End PBXProject section */

/* Begin PBXResourcesBuildPhase section */
		EF76D1092BB7BCC10075EB91 /* Resources */ = {
			isa = PBXResourcesBuildPhase;
			buildActionMask = 2147483647;
			files = (
				EF76D11B2BB7BCC20075EB91 /* LaunchScreen.storyboard in Resources */,
				EF76D1182BB7BCC20075EB91 /* Assets.xcassets in Resources */,
				EF76D1162BB7BCC10075EB91 /* Main.storyboard in Resources */,
			);
			runOnlyForDeploymentPostprocessing = 0;
		};
/* End PBXResourcesBuildPhase section */

/* Begin PBXSourcesBuildPhase section */
		EF76D1072BB7BCC10075EB91 /* Sources */ = {
			isa = PBXSourcesBuildPhase;
			buildActionMask = 2147483647;
			files = (
				EF76D1292BB8F34D0075EB91 /* MainViewController.swift in Sources */,
				EF76D12B2BB8FCDD0075EB91 /* MainFeatureCell.swift in Sources */,
				EF76D10F2BB7BCC10075EB91 /* AppDelegate.swift in Sources */,
				EF76D12F2BB906470075EB91 /* ObjectDetectionViewController.swift in Sources */,
				EF76D12D2BB8FF430075EB91 /* SampleData.swift in Sources */,
				EF76D1112BB7BCC10075EB91 /* SceneDelegate.swift in Sources */,
				EF13B1912BB9548600D4A961 /* Inceptionv3.mlmodel in Sources */,
			);
			runOnlyForDeploymentPostprocessing = 0;
		};
/* End PBXSourcesBuildPhase section */

/* Begin PBXVariantGroup section */
		EF76D1142BB7BCC10075EB91 /* Main.storyboard */ = {
			isa = PBXVariantGroup;
			children = (
				EF76D1152BB7BCC10075EB91 /* Base */,
			);
			name = Main.storyboard;
			sourceTree = "<group>";
		};
		EF76D1192BB7BCC20075EB91 /* LaunchScreen.storyboard */ = {
			isa = PBXVariantGroup;
			children = (
				EF76D11A2BB7BCC20075EB91 /* Base */,
			);
			name = LaunchScreen.storyboard;
			sourceTree = "<group>";
		};
/* End PBXVariantGroup section */

/* Begin XCBuildConfiguration section */
		EF76D11D2BB7BCC20075EB91 /* Debug */ = {
			isa = XCBuildConfiguration;
			buildSettings = {
				ALWAYS_SEARCH_USER_PATHS = NO;
				ASSETCATALOG_COMPILER_GENERATE_SWIFT_ASSET_SYMBOL_EXTENSIONS = YES;
				CLANG_ANALYZER_NONNULL = YES;
				CLANG_ANALYZER_NUMBER_OBJECT_CONVERSION = YES_AGGRESSIVE;
				CLANG_CXX_LANGUAGE_STANDARD = "gnu++20";
				CLANG_ENABLE_MODULES = YES;
				CLANG_ENABLE_OBJC_ARC = YES;
				CLANG_ENABLE_OBJC_WEAK = YES;
				CLANG_WARN_BLOCK_CAPTURE_AUTORELEASING = YES;
				CLANG_WARN_BOOL_CONVERSION = YES;
				CLANG_WARN_COMMA = YES;
				CLANG_WARN_CONSTANT_CONVERSION = YES;
				CLANG_WARN_DEPRECATED_OBJC_IMPLEMENTATIONS = YES;
				CLANG_WARN_DIRECT_OBJC_ISA_USAGE = YES_ERROR;
				CLANG_WARN_DOCUMENTATION_COMMENTS = YES;
				CLANG_WARN_EMPTY_BODY = YES;
				CLANG_WARN_ENUM_CONVERSION = YES;
				CLANG_WARN_INFINITE_RECURSION = YES;
				CLANG_WARN_INT_CONVERSION = YES;
				CLANG_WARN_NON_LITERAL_NULL_CONVERSION = YES;
				CLANG_WARN_OBJC_IMPLICIT_RETAIN_SELF = YES;
				CLANG_WARN_OBJC_LITERAL_CONVERSION = YES;
				CLANG_WARN_OBJC_ROOT_CLASS = YES_ERROR;
				CLANG_WARN_QUOTED_INCLUDE_IN_FRAMEWORK_HEADER = YES;
				CLANG_WARN_RANGE_LOOP_ANALYSIS = YES;
				CLANG_WARN_STRICT_PROTOTYPES = YES;
				CLANG_WARN_SUSPICIOUS_MOVE = YES;
				CLANG_WARN_UNGUARDED_AVAILABILITY = YES_AGGRESSIVE;
				CLANG_WARN_UNREACHABLE_CODE = YES;
				CLANG_WARN__DUPLICATE_METHOD_MATCH = YES;
				COPY_PHASE_STRIP = NO;
				DEBUG_INFORMATION_FORMAT = dwarf;
				ENABLE_STRICT_OBJC_MSGSEND = YES;
				ENABLE_TESTABILITY = YES;
				ENABLE_USER_SCRIPT_SANDBOXING = YES;
				GCC_C_LANGUAGE_STANDARD = gnu17;
				GCC_DYNAMIC_NO_PIC = NO;
				GCC_NO_COMMON_BLOCKS = YES;
				GCC_OPTIMIZATION_LEVEL = 0;
				GCC_PREPROCESSOR_DEFINITIONS = (
					"DEBUG=1",
					"$(inherited)",
				);
				GCC_WARN_64_TO_32_BIT_CONVERSION = YES;
				GCC_WARN_ABOUT_RETURN_TYPE = YES_ERROR;
				GCC_WARN_UNDECLARED_SELECTOR = YES;
				GCC_WARN_UNINITIALIZED_AUTOS = YES_AGGRESSIVE;
				GCC_WARN_UNUSED_FUNCTION = YES;
				GCC_WARN_UNUSED_VARIABLE = YES;
				IPHONEOS_DEPLOYMENT_TARGET = 17.2;
				LOCALIZATION_PREFERS_STRING_CATALOGS = YES;
				MTL_ENABLE_DEBUG_INFO = INCLUDE_SOURCE;
				MTL_FAST_MATH = YES;
				ONLY_ACTIVE_ARCH = YES;
				SDKROOT = iphoneos;
				SWIFT_ACTIVE_COMPILATION_CONDITIONS = "DEBUG $(inherited)";
				SWIFT_OPTIMIZATION_LEVEL = "-Onone";
			};
			name = Debug;
		};
		EF76D11E2BB7BCC20075EB91 /* Release */ = {
			isa = XCBuildConfiguration;
			buildSettings = {
				ALWAYS_SEARCH_USER_PATHS = NO;
				ASSETCATALOG_COMPILER_GENERATE_SWIFT_ASSET_SYMBOL_EXTENSIONS = YES;
				CLANG_ANALYZER_NONNULL = YES;
				CLANG_ANALYZER_NUMBER_OBJECT_CONVERSION = YES_AGGRESSIVE;
				CLANG_CXX_LANGUAGE_STANDARD = "gnu++20";
				CLANG_ENABLE_MODULES = YES;
				CLANG_ENABLE_OBJC_ARC = YES;
				CLANG_ENABLE_OBJC_WEAK = YES;
				CLANG_WARN_BLOCK_CAPTURE_AUTORELEASING = YES;
				CLANG_WARN_BOOL_CONVERSION = YES;
				CLANG_WARN_COMMA = YES;
				CLANG_WARN_CONSTANT_CONVERSION = YES;
				CLANG_WARN_DEPRECATED_OBJC_IMPLEMENTATIONS = YES;
				CLANG_WARN_DIRECT_OBJC_ISA_USAGE = YES_ERROR;
				CLANG_WARN_DOCUMENTATION_COMMENTS = YES;
				CLANG_WARN_EMPTY_BODY = YES;
				CLANG_WARN_ENUM_CONVERSION = YES;
				CLANG_WARN_INFINITE_RECURSION = YES;
				CLANG_WARN_INT_CONVERSION = YES;
				CLANG_WARN_NON_LITERAL_NULL_CONVERSION = YES;
				CLANG_WARN_OBJC_IMPLICIT_RETAIN_SELF = YES;
				CLANG_WARN_OBJC_LITERAL_CONVERSION = YES;
				CLANG_WARN_OBJC_ROOT_CLASS = YES_ERROR;
				CLANG_WARN_QUOTED_INCLUDE_IN_FRAMEWORK_HEADER = YES;
				CLANG_WARN_RANGE_LOOP_ANALYSIS = YES;
				CLANG_WARN_STRICT_PROTOTYPES = YES;
				CLANG_WARN_SUSPICIOUS_MOVE = YES;
				CLANG_WARN_UNGUARDED_AVAILABILITY = YES_AGGRESSIVE;
				CLANG_WARN_UNREACHABLE_CODE = YES;
				CLANG_WARN__DUPLICATE_METHOD_MATCH = YES;
				COPY_PHASE_STRIP = NO;
				DEBUG_INFORMATION_FORMAT = "dwarf-with-dsym";
				ENABLE_NS_ASSERTIONS = NO;
				ENABLE_STRICT_OBJC_MSGSEND = YES;
				ENABLE_USER_SCRIPT_SANDBOXING = YES;
				GCC_C_LANGUAGE_STANDARD = gnu17;
				GCC_NO_COMMON_BLOCKS = YES;
				GCC_WARN_64_TO_32_BIT_CONVERSION = YES;
				GCC_WARN_ABOUT_RETURN_TYPE = YES_ERROR;
				GCC_WARN_UNDECLARED_SELECTOR = YES;
				GCC_WARN_UNINITIALIZED_AUTOS = YES_AGGRESSIVE;
				GCC_WARN_UNUSED_FUNCTION = YES;
				GCC_WARN_UNUSED_VARIABLE = YES;
				IPHONEOS_DEPLOYMENT_TARGET = 17.2;
				LOCALIZATION_PREFERS_STRING_CATALOGS = YES;
				MTL_ENABLE_DEBUG_INFO = NO;
				MTL_FAST_MATH = YES;
				SDKROOT = iphoneos;
				SWIFT_COMPILATION_MODE = wholemodule;
				VALIDATE_PRODUCT = YES;
			};
			name = Release;
		};
		EF76D1202BB7BCC20075EB91 /* Debug */ = {
			isa = XCBuildConfiguration;
			buildSettings = {
				ASSETCATALOG_COMPILER_APPICON_NAME = AppIcon;
				ASSETCATALOG_COMPILER_GLOBAL_ACCENT_COLOR_NAME = AccentColor;
				CODE_SIGN_STYLE = Automatic;
				CURRENT_PROJECT_VERSION = 1;
				DEVELOPMENT_TEAM = 5D2URMV327;
				GENERATE_INFOPLIST_FILE = YES;
				INFOPLIST_FILE = "ai 11/Info.plist";
				INFOPLIST_KEY_UIApplicationSupportsIndirectInputEvents = YES;
				INFOPLIST_KEY_UILaunchStoryboardName = LaunchScreen;
				INFOPLIST_KEY_UIMainStoryboardFile = Main;
				INFOPLIST_KEY_UISupportedInterfaceOrientations_iPad = "UIInterfaceOrientationPortrait UIInterfaceOrientationPortraitUpsideDown UIInterfaceOrientationLandscapeLeft UIInterfaceOrientationLandscapeRight";
				INFOPLIST_KEY_UISupportedInterfaceOrientations_iPhone = "UIInterfaceOrientationPortrait UIInterfaceOrientationLandscapeLeft UIInterfaceOrientationLandscapeRight";
				LD_RUNPATH_SEARCH_PATHS = (
					"$(inherited)",
					"@executable_path/Frameworks",
				);
				MARKETING_VERSION = 1.0;
				PRODUCT_BUNDLE_IDENTIFIER = "com.ykproduction.ai-11";
				PRODUCT_NAME = "$(TARGET_NAME)";
				SWIFT_EMIT_LOC_STRINGS = YES;
				SWIFT_VERSION = 5.0;
				TARGETED_DEVICE_FAMILY = "1,2";
			};
			name = Debug;
		};
		EF76D1212BB7BCC20075EB91 /* Release */ = {
			isa = XCBuildConfiguration;
			buildSettings = {
				ASSETCATALOG_COMPILER_APPICON_NAME = AppIcon;
				ASSETCATALOG_COMPILER_GLOBAL_ACCENT_COLOR_NAME = AccentColor;
				CODE_SIGN_STYLE = Automatic;
				CURRENT_PROJECT_VERSION = 1;
				DEVELOPMENT_TEAM = 5D2URMV327;
				GENERATE_INFOPLIST_FILE = YES;
				INFOPLIST_FILE = "ai 11/Info.plist";
				INFOPLIST_KEY_UIApplicationSupportsIndirectInputEvents = YES;
				INFOPLIST_KEY_UILaunchStoryboardName = LaunchScreen;
				INFOPLIST_KEY_UIMainStoryboardFile = Main;
				INFOPLIST_KEY_UISupportedInterfaceOrientations_iPad = "UIInterfaceOrientationPortrait UIInterfaceOrientationPortraitUpsideDown UIInterfaceOrientationLandscapeLeft UIInterfaceOrientationLandscapeRight";
				INFOPLIST_KEY_UISupportedInterfaceOrientations_iPhone = "UIInterfaceOrientationPortrait UIInterfaceOrientationLandscapeLeft UIInterfaceOrientationLandscapeRight";
				LD_RUNPATH_SEARCH_PATHS = (
					"$(inherited)",
					"@executable_path/Frameworks",
				);
				MARKETING_VERSION = 1.0;
				PRODUCT_BUNDLE_IDENTIFIER = "com.ykproduction.ai-11";
				PRODUCT_NAME = "$(TARGET_NAME)";
				SWIFT_EMIT_LOC_STRINGS = YES;
				SWIFT_VERSION = 5.0;
				TARGETED_DEVICE_FAMILY = "1,2";
			};
			name = Release;
		};
/* End XCBuildConfiguration section */

/* Begin XCConfigurationList section */
		EF76D1062BB7BCC00075EB91 /* Build configuration list for PBXProject "ai 11" */ = {
			isa = XCConfigurationList;
			buildConfigurations = (
				EF76D11D2BB7BCC20075EB91 /* Debug */,
				EF76D11E2BB7BCC20075EB91 /* Release */,
			);
			defaultConfigurationIsVisible = 0;
			defaultConfigurationName = Release;
		};
		EF76D11F2BB7BCC20075EB91 /* Build configuration list for PBXNativeTarget "ai 11" */ = {
			isa = XCConfigurationList;
			buildConfigurations = (
				EF76D1202BB7BCC20075EB91 /* Debug */,
				EF76D1212BB7BCC20075EB91 /* Release */,
			);
			defaultConfigurationIsVisible = 0;
			defaultConfigurationName = Release;
		};
/* End XCConfigurationList section */
	};
	rootObject = EF76D1032BB7BCC00075EB91 /* Project object */;
}
